
Microsoft Visual Studio Solution File, Format Version 12.00
# Visual Studio Version 16
VisualStudioVersion = 25.0.1704.0
MinimumVisualStudioVersion = 10.0.40219.1
Project("{FAE04EC0-301F-11D3-BF4B-00C04F79EFBC}") = "AdventOfCode", "AdventOfCode\AdventOfCode.csproj", "{CEEAB78D-6BBD-4DE7-9809-5C165E94431C}"
EndProject
Global
	GlobalSection(SolutionConfigurationPlatforms) = preSolution
		Debug|Any CPU = Debug|Any CPU
		Release|Any CPU = Release|Any CPU
	EndGlobalSection
	GlobalSection(ProjectConfigurationPlatforms) = postSolution
		{CEEAB78D-6BBD-4DE7-9809-5C165E94431C}.Debug|Any CPU.ActiveCfg = Debug|Any CPU
		{CEEAB78D-6BBD-4DE7-9809-5C165E94431C}.Debug|Any CPU.Build.0 = Debug|Any CPU
		{CEEAB78D-6BBD-4DE7-9809-5C165E94431C}.Release|Any CPU.ActiveCfg = Release|Any CPU
		{CEEAB78D-6BBD-4DE7-9809-5C165E94431C}.Release|Any CPU.Build.0 = Release|Any CPU
	EndGlobalSection
	GlobalSection(SolutionProperties) = preSolution
		HideSolutionNode = FALSE
	EndGlobalSection
	GlobalSection(ExtensibilityGlobals) = postSolution
		SolutionGuid = {5E5CD888-001B-4D74-8C1E-88339ED07E06}
	EndGlobalSection
EndGlobal
